
Microsoft Visual Studio Solution File, Format Version 12.00
# Visual Studio 2013
VisualStudioVersion = 12.0.31101.0
MinimumVisualStudioVersion = 10.0.40219.1
Project("{FAE04EC0-301F-11D3-BF4B-00C04F79EFBC}") = "NetBike.Xml", "NetBike.Xml\NetBike.Xml.csproj", "{6230AFC4-876E-48C0-B555-8BE94E15D4D7}"
EndProject
Project("{FAE04EC0-301F-11D3-BF4B-00C04F79EFBC}") = "NetBike.Xml.Tests", "NetBike.Xml.Tests\NetBike.Xml.Tests.csproj", "{CB736CD3-2055-467E-91CA-66B90695D222}"
EndProject
Project("{FAE04EC0-301F-11D3-BF4B-00C04F79EFBC}") = "NetBike.Xml.Formatting", "NetBike.Xml.Formatting\NetBike.Xml.Formatting.csproj", "{EAF3DF13-85E1-4B52-A6B6-DA17EE0EA3AE}"
EndProject
Global
	GlobalSection(SolutionConfigurationPlatforms) = preSolution
		Debug|Any CPU = Debug|Any CPU
		Release|Any CPU = Release|Any CPU
	EndGlobalSection
	GlobalSection(ProjectConfigurationPlatforms) = postSolution
		{6230AFC4-876E-48C0-B555-8BE94E15D4D7}.Debug|Any CPU.ActiveCfg = Debug|Any CPU
		{6230AFC4-876E-48C0-B555-8BE94E15D4D7}.Debug|Any CPU.Build.0 = Debug|Any CPU
		{6230AFC4-876E-48C0-B555-8BE94E15D4D7}.Release|Any CPU.ActiveCfg = Release|Any CPU
		{6230AFC4-876E-48C0-B555-8BE94E15D4D7}.Release|Any CPU.Build.0 = Release|Any CPU
		{CB736CD3-2055-467E-91CA-66B90695D222}.Debug|Any CPU.ActiveCfg = Debug|Any CPU
		{CB736CD3-2055-467E-91CA-66B90695D222}.Debug|Any CPU.Build.0 = Debug|Any CPU
		{CB736CD3-2055-467E-91CA-66B90695D222}.Release|Any CPU.ActiveCfg = Release|Any CPU
		{CB736CD3-2055-467E-91CA-66B90695D222}.Release|Any CPU.Build.0 = Release|Any CPU
		{EAF3DF13-85E1-4B52-A6B6-DA17EE0EA3AE}.Debug|Any CPU.ActiveCfg = Debug|Any CPU
		{EAF3DF13-85E1-4B52-A6B6-DA17EE0EA3AE}.Debug|Any CPU.Build.0 = Debug|Any CPU
		{EAF3DF13-85E1-4B52-A6B6-DA17EE0EA3AE}.Release|Any CPU.ActiveCfg = Release|Any CPU
		{EAF3DF13-85E1-4B52-A6B6-DA17EE0EA3AE}.Release|Any CPU.Build.0 = Release|Any CPU
	EndGlobalSection
	GlobalSection(SolutionProperties) = preSolution
		HideSolutionNode = FALSE
	EndGlobalSection
EndGlobal
